
Microsoft Visual Studio Solution File, Format Version 12.00
# Visual Studio Version 17
VisualStudioVersion = 17.2.32526.322
MinimumVisualStudioVersion = 10.0.40219.1
Project("{FAE04EC0-301F-11D3-BF4B-00C04F79EFBC}") = "PracticeWebApp", "PracticeWebApp.csproj", "{1DA7DC9B-2515-4D0B-B6D8-0AAA70D9D0A6}"
EndProject
Global
	GlobalSection(SolutionConfigurationPlatforms) = preSolution
		Debug|Any CPU = Debug|Any CPU
		Release|Any CPU = Release|Any CPU
	EndGlobalSection
	GlobalSection(ProjectConfigurationPlatforms) = postSolution
		{1DA7DC9B-2515-4D0B-B6D8-0AAA70D9D0A6}.Debug|Any CPU.ActiveCfg = Debug|Any CPU
		{1DA7DC9B-2515-4D0B-B6D8-0AAA70D9D0A6}.Debug|Any CPU.Build.0 = Debug|Any CPU
		{1DA7DC9B-2515-4D0B-B6D8-0AAA70D9D0A6}.Release|Any CPU.ActiveCfg = Release|Any CPU
		{1DA7DC9B-2515-4D0B-B6D8-0AAA70D9D0A6}.Release|Any CPU.Build.0 = Release|Any CPU
	EndGlobalSection
	GlobalSection(SolutionProperties) = preSolution
		HideSolutionNode = FALSE
	EndGlobalSection
	GlobalSection(ExtensibilityGlobals) = postSolution
		SolutionGuid = {DFF98769-5169-4655-95F2-EBD664625768}
	EndGlobalSection
EndGlobal
